{
  "version": 4,
  "terraform_version": "1.3.9",
  "serial": 2,
  "lineage": "e8724a82-34e9-4dc9-08b5-f239f08467c5",
  "outputs": {
    "usweb_approle_secret_id": {
      "value": "b6c677c8-cb8f-d05e-104b-5c8dc172b1be",
      "type": "string",
      "sensitive": true
    }
  },
  "resources": [
    {
      "mode": "managed",
      "type": "vault_approle_auth_backend_role_secret_id",
      "name": "id",
      "provider": "provider[\"registry.terraform.io/hashicorp/vault\"]",
      "instances": [
        {
          "schema_version": 0,
          "attributes": {
            "accessor": "53b91426-d8ff-89ab-fe33-734bc5be9331",
            "backend": "approle",
            "cidr_list": [],
            "id": "backend=approle::role=max::accessor=53b91426-d8ff-89ab-fe33-734bc5be9331",
            "metadata": "{}",
            "namespace": null,
            "role_name": "max",
            "secret_id": "b6c677c8-cb8f-d05e-104b-5c8dc172b1be",
            "with_wrapped_accessor": null,
            "wrapping_accessor": null,
            "wrapping_token": null,
            "wrapping_ttl": null
          },
          "sensitive_attributes": [],
          "private": "bnVsbA=="
        }
      ]
    }
  ],
  "check_results": null
}
